<Solution>
  <Folder Name="/src/">
    <Project Path="src/Iptv.App/Iptv.App.csproj">
      <Platform Project="x64" />
    </Project>
    <Project Path="src/Iptv.Core/Iptv.Core.csproj" />
    <Project Path="src/Iptv.Harness/Iptv.Harness.csproj" />
    <Project Path="src/Iptv.Mpv/Iptv.Mpv.csproj" />
  </Folder>
  <Folder Name="/tests/">
    <Project Path="tests/Iptv.Core.Tests/Iptv.Core.Tests.csproj" />
    <Project Path="tests/Iptv.Mpv.Tests/Iptv.Mpv.Tests.csproj" />
  </Folder>
</Solution>
